
Microsoft Visual Studio Solution File, Format Version 12.00
# Visual Studio Version 16
VisualStudioVersion = 16.0.29318.209
MinimumVisualStudioVersion = 10.0.40219.1
Project("{9A19103F-16F7-4668-BE54-9A1E7A4F7556}") = "TestVSCode", "TestVSCode.csproj", "{CA70F658-25CB-445C-A13B-6B196CD34F97}"
EndProject
Global
	GlobalSection(SolutionConfigurationPlatforms) = preSolution
		Debug|Any CPU = Debug|Any CPU
		Release|Any CPU = Release|Any CPU
	EndGlobalSection
	GlobalSection(ProjectConfigurationPlatforms) = postSolution
		{CA70F658-25CB-445C-A13B-6B196CD34F97}.Debug|Any CPU.ActiveCfg = Debug|Any CPU
		{CA70F658-25CB-445C-A13B-6B196CD34F97}.Debug|Any CPU.Build.0 = Debug|Any CPU
		{CA70F658-25CB-445C-A13B-6B196CD34F97}.Release|Any CPU.ActiveCfg = Release|Any CPU
		{CA70F658-25CB-445C-A13B-6B196CD34F97}.Release|Any CPU.Build.0 = Release|Any CPU
	EndGlobalSection
	GlobalSection(SolutionProperties) = preSolution
		HideSolutionNode = FALSE
	EndGlobalSection
	GlobalSection(ExtensibilityGlobals) = postSolution
		SolutionGuid = {19889FAA-5E29-4543-9481-4FAD15A42602}
	EndGlobalSection
EndGlobal
